{
  "lockfileVersion": 1,
  "workspaces": {
    "": {
      "name": "18-redux-concepts",
      "dependencies": {
        "redux": "^5.0.1",
      },
    },
  },
  "packages": {
    "redux": ["redux@5.0.1", "", {}, "sha512-M9/ELqF6fy8FwmkpnF0S3YKOqMyoWJ4+CS5Efg2ct3oY9daQvd/Pc71FpGZsVsbl3Cpb+IIcjBDUnnyBdQbq4w=="],
  }
}
